
Microsoft Visual Studio Solution File, Format Version 12.00
# Visual Studio 15
VisualStudioVersion = 15.0.26730.12
MinimumVisualStudioVersion = 10.0.40219.1
Project("{FAE04EC0-301F-11D3-BF4B-00C04F79EFBC}") = "TimeZone", "TimeZone.csproj", "{09D2857E-4B94-4220-AC83-A639D4563FCD}"
EndProject
Global
	GlobalSection(SolutionConfigurationPlatforms) = preSolution
		Debug|Any CPU = Debug|Any CPU
		DebugAdvList|Any CPU = DebugAdvList|Any CPU
		Release|Any CPU = Release|Any CPU
	EndGlobalSection
	GlobalSection(ProjectConfigurationPlatforms) = postSolution
		{09D2857E-4B94-4220-AC83-A639D4563FCD}.Debug|Any CPU.ActiveCfg = Debug|Any CPU
		{09D2857E-4B94-4220-AC83-A639D4563FCD}.Debug|Any CPU.Build.0 = Debug|Any CPU
		{09D2857E-4B94-4220-AC83-A639D4563FCD}.DebugAdvList|Any CPU.ActiveCfg = Debug|Any CPU
		{09D2857E-4B94-4220-AC83-A639D4563FCD}.DebugAdvList|Any CPU.Build.0 = Debug|Any CPU
		{09D2857E-4B94-4220-AC83-A639D4563FCD}.Release|Any CPU.ActiveCfg = Release|Any CPU
		{09D2857E-4B94-4220-AC83-A639D4563FCD}.Release|Any CPU.Build.0 = Release|Any CPU
	EndGlobalSection
	GlobalSection(SolutionProperties) = preSolution
		HideSolutionNode = FALSE
	EndGlobalSection
	GlobalSection(ExtensibilityGlobals) = postSolution
		SolutionGuid = {243FEB6B-9572-477B-9521-651586308147}
	EndGlobalSection
EndGlobal
